# Generated by buf. DO NOT EDIT.
version: v1
deps:
  - remote: buf.build
    owner: bufbuild
    repository: protovalidate
    commit: 63dfe56cc2c44cffa4815366ba7a99c0
    digest: shake256:5a8a9856b92bf37171d45ccbe59fc48ea755cd682317b088cdf93e8e797ecf54039e012ece9a17084bb676e70c2e090296b2790782ebdbbedc7514e9b543e6bf
  - remote: buf.build
    owner: protocolbuffers
    repository: wellknowntypes
    commit: 44e83bc050a4497fa7b36b34d95ca156
    digest: shake256:bcdc007a8baabe27bdc06f3c8973bed7bea9faca4b486903a8f65c0492985864143888eb570a956ce4127d6afdaea346cf0393405a8144a1c5d026318c4c254c
